
Microsoft Visual Studio Solution File, Format Version 12.00
# Visual Studio Version 16
VisualStudioVersion = 16.0.31313.79
MinimumVisualStudioVersion = 10.0.40219.1
Project("{FAE04EC0-301F-11D3-BF4B-00C04F79EFBC}") = "LatihanKasir", "LatihanKasir.csproj", "{2C932025-C360-47C3-A3A6-5F3F44AC6509}"
EndProject
Global
	GlobalSection(SolutionConfigurationPlatforms) = preSolution
		Debug|Any CPU = Debug|Any CPU
		Release|Any CPU = Release|Any CPU
	EndGlobalSection
	GlobalSection(ProjectConfigurationPlatforms) = postSolution
		{2C932025-C360-47C3-A3A6-5F3F44AC6509}.Debug|Any CPU.ActiveCfg = Debug|Any CPU
		{2C932025-C360-47C3-A3A6-5F3F44AC6509}.Debug|Any CPU.Build.0 = Debug|Any CPU
		{2C932025-C360-47C3-A3A6-5F3F44AC6509}.Release|Any CPU.ActiveCfg = Release|Any CPU
		{2C932025-C360-47C3-A3A6-5F3F44AC6509}.Release|Any CPU.Build.0 = Release|Any CPU
	EndGlobalSection
	GlobalSection(SolutionProperties) = preSolution
		HideSolutionNode = FALSE
	EndGlobalSection
	GlobalSection(ExtensibilityGlobals) = postSolution
		SolutionGuid = {916867E9-B5EE-4F6F-8A5A-9A13E0221B10}
	EndGlobalSection
EndGlobal
